
Microsoft Visual Studio Solution File, Format Version 12.00
# Visual Studio Version 16
VisualStudioVersion = 16.0.30804.86
MinimumVisualStudioVersion = 10.0.40219.1
Project("{FAE04EC0-301F-11D3-BF4B-00C04F79EFBC}") = "QuestOfTheRing", "QuestOfTheRing\QuestOfTheRing.csproj", "{C25456ED-DE83-4B96-841F-EAEFEEC6CC2D}"
EndProject
Global
	GlobalSection(SolutionConfigurationPlatforms) = preSolution
		Debug|Any CPU = Debug|Any CPU
		Release|Any CPU = Release|Any CPU
	EndGlobalSection
	GlobalSection(ProjectConfigurationPlatforms) = postSolution
		{C25456ED-DE83-4B96-841F-EAEFEEC6CC2D}.Debug|Any CPU.ActiveCfg = Debug|Any CPU
		{C25456ED-DE83-4B96-841F-EAEFEEC6CC2D}.Debug|Any CPU.Build.0 = Debug|Any CPU
		{C25456ED-DE83-4B96-841F-EAEFEEC6CC2D}.Release|Any CPU.ActiveCfg = Release|Any CPU
		{C25456ED-DE83-4B96-841F-EAEFEEC6CC2D}.Release|Any CPU.Build.0 = Release|Any CPU
	EndGlobalSection
	GlobalSection(SolutionProperties) = preSolution
		HideSolutionNode = FALSE
	EndGlobalSection
	GlobalSection(ExtensibilityGlobals) = postSolution
		SolutionGuid = {271C5BA7-734E-4D54-B001-10EF6774A043}
	EndGlobalSection
EndGlobal
